// !$*UTF8*$!
{
	archiveVersion = 1;
	classes = {
	};
	objectVersion = 50;
	objects = {

/* Begin PBXBuildFile section */
		D86DA27E25B9DF14006EC42F /* ViewController.swift in Sources */ = {isa = PBXBuildFile; fileRef = D86DA27D25B9DF14006EC42F /* ViewController.swift */; };
		D89CEBC325BDE8B90072D680 /* Desktop in Resources */ = {isa = PBXBuildFile; fileRef = D89CEBC225BDE8B90072D680 /* Desktop */; };
		D8A9833B25B7772000FF82FF /* AppDelegate.swift in Sources */ = {isa = PBXBuildFile; fileRef = D8A9833A25B7772000FF82FF /* AppDelegate.swift */; };
		D8A9833D25B7772000FF82FF /* SceneDelegate.swift in Sources */ = {isa = PBXBuildFile; fileRef = D8A9833C25B7772000FF82FF /* SceneDelegate.swift */; };
		D8A9833F25B7772000FF82FF /* ViewController.swift in Sources */ = {isa = PBXBuildFile; fileRef = D8A9833E25B7772000FF82FF /* ViewController.swift */; };
		D8A9834225B7772000FF82FF /* Main.storyboard in Resources */ = {isa = PBXBuildFile; fileRef = D8A9834025B7772000FF82FF /* Main.storyboard */; };
		D8A9834425B7772200FF82FF /* Assets.xcassets in Resources */ = {isa = PBXBuildFile; fileRef = D8A9834325B7772200FF82FF /* Assets.xcassets */; };
		D8A9834725B7772200FF82FF /* LaunchScreen.storyboard in Resources */ = {isa = PBXBuildFile; fileRef = D8A9834525B7772200FF82FF /* LaunchScreen.storyboard */; };
/* End PBXBuildFile section */

/* Begin PBXFileReference section */
		D86DA27D25B9DF14006EC42F /* ViewController.swift */ = {isa = PBXFileReference; lastKnownFileType = sourcecode.swift; name = ViewController.swift; path = ../../../ViewController.swift; sourceTree = "<group>"; };
		D89CEBC225BDE8B90072D680 /* Desktop */ = {isa = PBXFileReference; lastKnownFileType = folder; name = Desktop; path = ..; sourceTree = "<group>"; };
		D8A9833725B7772000FF82FF /* Guess de Flag1.app */ = {isa = PBXFileReference; explicitFileType = wrapper.application; includeInIndex = 0; path = "Guess de Flag1.app"; sourceTree = BUILT_PRODUCTS_DIR; };
		D8A9833A25B7772000FF82FF /* AppDelegate.swift */ = {isa = PBXFileReference; lastKnownFileType = sourcecode.swift; path = AppDelegate.swift; sourceTree = "<group>"; };
		D8A9833C25B7772000FF82FF /* SceneDelegate.swift */ = {isa = PBXFileReference; lastKnownFileType = sourcecode.swift; path = SceneDelegate.swift; sourceTree = "<group>"; };
		D8A9833E25B7772000FF82FF /* ViewController.swift */ = {isa = PBXFileReference; lastKnownFileType = sourcecode.swift; path = ViewController.swift; sourceTree = "<group>"; };
		D8A9834125B7772000FF82FF /* Base */ = {isa = PBXFileReference; lastKnownFileType = file.storyboard; name = Base; path = Base.lproj/Main.storyboard; sourceTree = "<group>"; };
		D8A9834325B7772200FF82FF /* Assets.xcassets */ = {isa = PBXFileReference; lastKnownFileType = folder.assetcatalog; path = Assets.xcassets; sourceTree = "<group>"; };
		D8A9834625B7772200FF82FF /* Base */ = {isa = PBXFileReference; lastKnownFileType = file.storyboard; name = Base; path = Base.lproj/LaunchScreen.storyboard; sourceTree = "<group>"; };
		D8A9834825B7772200FF82FF /* Info.plist */ = {isa = PBXFileReference; lastKnownFileType = text.plist.xml; path = Info.plist; sourceTree = "<group>"; };
/* End PBXFileReference section */

/* Begin PBXFrameworksBuildPhase section */
		D8A9833425B7772000FF82FF /* Frameworks */ = {
			isa = PBXFrameworksBuildPhase;
			buildActionMask = 2147483647;
			files = (
			);
			runOnlyForDeploymentPostprocessing = 0;
		};
/* End PBXFrameworksBuildPhase section */

/* Begin PBXGroup section */
		D8A9832E25B7772000FF82FF = {
			isa = PBXGroup;
			children = (
				D89CEBC225BDE8B90072D680 /* Desktop */,
				D8A9833925B7772000FF82FF /* Guess de Flag1 */,
				D8A9833825B7772000FF82FF /* Products */,
			);
			sourceTree = "<group>";
		};
		D8A9833825B7772000FF82FF /* Products */ = {
			isa = PBXGroup;
			children = (
				D8A9833725B7772000FF82FF /* Guess de Flag1.app */,
			);
			name = Products;
			sourceTree = "<group>";
		};
		D8A9833925B7772000FF82FF /* Guess de Flag1 */ = {
			isa = PBXGroup;
			children = (
				D8A9833A25B7772000FF82FF /* AppDelegate.swift */,
				D8A9833C25B7772000FF82FF /* SceneDelegate.swift */,
				D8A9833E25B7772000FF82FF /* ViewController.swift */,
				D8A9834025B7772000FF82FF /* Main.storyboard */,
				D8A9834325B7772200FF82FF /* Assets.xcassets */,
				D8A9834525B7772200FF82FF /* LaunchScreen.storyboard */,
				D8A9834825B7772200FF82FF /* Info.plist */,
				D86DA27D25B9DF14006EC42F /* ViewController.swift */,
			);
			path = "Guess de Flag1";
			sourceTree = "<group>";
		};
/* End PBXGroup section */

/* Begin PBXNativeTarget section */
		D8A9833625B7772000FF82FF /* Guess de Flag1 */ = {
			isa = PBXNativeTarget;
			buildConfigurationList = D8A9834B25B7772200FF82FF /* Build configuration list for PBXNativeTarget "Guess de Flag1" */;
			buildPhases = (
				D8A9833325B7772000FF82FF /* Sources */,
				D8A9833425B7772000FF82FF /* Frameworks */,
				D8A9833525B7772000FF82FF /* Resources */,
			);
			buildRules = (
			);
			dependencies = (
			);
			name = "Guess de Flag1";
			productName = "Guess de Flag1";
			productReference = D8A9833725B7772000FF82FF /* Guess de Flag1.app */;
			productType = "com.apple.product-type.application";
		};
/* End PBXNativeTarget section */

/* Begin PBXProject section */
		D8A9832F25B7772000FF82FF /* Project object */ = {
			isa = PBXProject;
			attributes = {
				LastSwiftUpdateCheck = 1230;
				LastUpgradeCheck = 1230;
				TargetAttributes = {
					D8A9833625B7772000FF82FF = {
						CreatedOnToolsVersion = 12.3;
					};
				};
			};
			buildConfigurationList = D8A9833225B7772000FF82FF /* Build configuration list for PBXProject "Guess de Flag1xcodeproj" */;
			compatibilityVersion = "Xcode 9.3";
			developmentRegion = en;
			hasScannedForEncodings = 0;
			knownRegions = (
				en,
				Base,
			);
			mainGroup = D8A9832E25B7772000FF82FF;
			productRefGroup = D8A9833825B7772000FF82FF /* Products */;
			projectDirPath = "";
			projectRoot = "";
			targets = (
				D8A9833625B7772000FF82FF /* Guess de Flag1 */,
			);
		};
/* End PBXProject section */

/* Begin PBXResourcesBuildPhase section */
		D8A9833525B7772000FF82FF /* Resources */ = {
			isa = PBXResourcesBuildPhase;
			buildActionMask = 2147483647;
			files = (
				D8A9834725B7772200FF82FF /* LaunchScreen.storyboard in Resources */,
				D89CEBC325BDE8B90072D680 /* Desktop in Resources */,
				D8A9834425B7772200FF82FF /* Assets.xcassets in Resources */,
				D8A9834225B7772000FF82FF /* Main.storyboard in Resources */,
			);
			runOnlyForDeploymentPostprocessing = 0;
		};
/* End PBXResourcesBuildPhase section */

/* Begin PBXSourcesBuildPhase section */
		D8A9833325B7772000FF82FF /* Sources */ = {
			isa = PBXSourcesBuildPhase;
			buildActionMask = 2147483647;
			files = (
				D8A9833F25B7772000FF82FF /* ViewController.swift in Sources */,
				D8A9833B25B7772000FF82FF /* AppDelegate.swift in Sources */,
				D86DA27E25B9DF14006EC42F /* ViewController.swift in Sources */,
				D8A9833D25B7772000FF82FF /* SceneDelegate.swift in Sources */,
			);
			runOnlyForDeploymentPostprocessing = 0;
		};
/* End PBXSourcesBuildPhase section */

/* Begin PBXVariantGroup section */
		D8A9834025B7772000FF82FF /* Main.storyboard */ = {
			isa = PBXVariantGroup;
			children = (
				D8A9834125B7772000FF82FF /* Base */,
			);
			name = Main.storyboard;
			sourceTree = "<group>";
		};
		D8A9834525B7772200FF82FF /* LaunchScreen.storyboard */ = {
			isa = PBXVariantGroup;
			children = (
				D8A9834625B7772200FF82FF /* Base */,
			);
			name = LaunchScreen.storyboard;
			sourceTree = "<group>";
		};
/* End PBXVariantGroup section */

/* Begin XCBuildConfiguration section */
		D8A9834925B7772200FF82FF /* Debug */ = {
			isa = XCBuildConfiguration;
			buildSettings = {
				ALWAYS_SEARCH_USER_PATHS = NO;
				CLANG_ANALYZER_NONNULL = YES;
				CLANG_ANALYZER_NUMBER_OBJECT_CONVERSION = YES_AGGRESSIVE;
				CLANG_CXX_LANGUAGE_STANDARD = "gnu++14";
				CLANG_CXX_LIBRARY = "libc++";
				CLANG_ENABLE_MODULES = YES;
				CLANG_ENABLE_OBJC_ARC = YES;
				CLANG_ENABLE_OBJC_WEAK = YES;
				CLANG_WARN_BLOCK_CAPTURE_AUTORELEASING = YES;
				CLANG_WARN_BOOL_CONVERSION = YES;
				CLANG_WARN_COMMA = YES;
				CLANG_WARN_CONSTANT_CONVERSION = YES;
				CLANG_WARN_DEPRECATED_OBJC_IMPLEMENTATIONS = YES;
				CLANG_WARN_DIRECT_OBJC_ISA_USAGE = YES_ERROR;
				CLANG_WARN_DOCUMENTATION_COMMENTS = YES;
				CLANG_WARN_EMPTY_BODY = YES;
				CLANG_WARN_ENUM_CONVERSION = YES;
				CLANG_WARN_INFINITE_RECURSION = YES;
				CLANG_WARN_INT_CONVERSION = YES;
				CLANG_WARN_NON_LITERAL_NULL_CONVERSION = YES;
				CLANG_WARN_OBJC_IMPLICIT_RETAIN_SELF = YES;
				CLANG_WARN_OBJC_LITERAL_CONVERSION = YES;
				CLANG_WARN_OBJC_ROOT_CLASS = YES_ERROR;
				CLANG_WARN_QUOTED_INCLUDE_IN_FRAMEWORK_HEADER = YES;
				CLANG_WARN_RANGE_LOOP_ANALYSIS = YES;
				CLANG_WARN_STRICT_PROTOTYPES = YES;
				CLANG_WARN_SUSPICIOUS_MOVE = YES;
				CLANG_WARN_UNGUARDED_AVAILABILITY = YES_AGGRESSIVE;
				CLANG_WARN_UNREACHABLE_CODE = YES;
				CLANG_WARN__DUPLICATE_METHOD_MATCH = YES;
				COPY_PHASE_STRIP = NO;
				DEBUG_INFORMATION_FORMAT = dwarf;
				ENABLE_STRICT_OBJC_MSGSEND = YES;
				ENABLE_TESTABILITY = YES;
				GCC_C_LANGUAGE_STANDARD = gnu11;
				GCC_DYNAMIC_NO_PIC = NO;
				GCC_NO_COMMON_BLOCKS = YES;
				GCC_OPTIMIZATION_LEVEL = 0;
				GCC_PREPROCESSOR_DEFINITIONS = (
					"DEBUG=1",
					"$(inherited)",
				);
				GCC_WARN_64_TO_32_BIT_CONVERSION = YES;
				GCC_WARN_ABOUT_RETURN_TYPE = YES_ERROR;
				GCC_WARN_UNDECLARED_SELECTOR = YES;
				GCC_WARN_UNINITIALIZED_AUTOS = YES_AGGRESSIVE;
				GCC_WARN_UNUSED_FUNCTION = YES;
				GCC_WARN_UNUSED_VARIABLE = YES;
				IPHONEOS_DEPLOYMENT_TARGET = 14.3;
				MTL_ENABLE_DEBUG_INFO = INCLUDE_SOURCE;
				MTL_FAST_MATH = YES;
				ONLY_ACTIVE_ARCH = YES;
				SDKROOT = iphoneos;
				SWIFT_ACTIVE_COMPILATION_CONDITIONS = DEBUG;
				SWIFT_OPTIMIZATION_LEVEL = "-Onone";
			};
			name = Debug;
		};
		D8A9834A25B7772200FF82FF /* Release */ = {
			isa = XCBuildConfiguration;
			buildSettings = {
				ALWAYS_SEARCH_USER_PATHS = NO;
				CLANG_ANALYZER_NONNULL = YES;
				CLANG_ANALYZER_NUMBER_OBJECT_CONVERSION = YES_AGGRESSIVE;
				CLANG_CXX_LANGUAGE_STANDARD = "gnu++14";
				CLANG_CXX_LIBRARY = "libc++";
				CLANG_ENABLE_MODULES = YES;
				CLANG_ENABLE_OBJC_ARC = YES;
				CLANG_ENABLE_OBJC_WEAK = YES;
				CLANG_WARN_BLOCK_CAPTURE_AUTORELEASING = YES;
				CLANG_WARN_BOOL_CONVERSION = YES;
				CLANG_WARN_COMMA = YES;
				CLANG_WARN_CONSTANT_CONVERSION = YES;
				CLANG_WARN_DEPRECATED_OBJC_IMPLEMENTATIONS = YES;
				CLANG_WARN_DIRECT_OBJC_ISA_USAGE = YES_ERROR;
				CLANG_WARN_DOCUMENTATION_COMMENTS = YES;
				CLANG_WARN_EMPTY_BODY = YES;
				CLANG_WARN_ENUM_CONVERSION = YES;
				CLANG_WARN_INFINITE_RECURSION = YES;
				CLANG_WARN_INT_CONVERSION = YES;
				CLANG_WARN_NON_LITERAL_NULL_CONVERSION = YES;
				CLANG_WARN_OBJC_IMPLICIT_RETAIN_SELF = YES;
				CLANG_WARN_OBJC_LITERAL_CONVERSION = YES;
				CLANG_WARN_OBJC_ROOT_CLASS = YES_ERROR;
				CLANG_WARN_QUOTED_INCLUDE_IN_FRAMEWORK_HEADER = YES;
				CLANG_WARN_RANGE_LOOP_ANALYSIS = YES;
				CLANG_WARN_STRICT_PROTOTYPES = YES;
				CLANG_WARN_SUSPICIOUS_MOVE = YES;
				CLANG_WARN_UNGUARDED_AVAILABILITY = YES_AGGRESSIVE;
				CLANG_WARN_UNREACHABLE_CODE = YES;
				CLANG_WARN__DUPLICATE_METHOD_MATCH = YES;
				COPY_PHASE_STRIP = NO;
				DEBUG_INFORMATION_FORMAT = "dwarf-with-dsym";
				ENABLE_NS_ASSERTIONS = NO;
				ENABLE_STRICT_OBJC_MSGSEND = YES;
				GCC_C_LANGUAGE_STANDARD = gnu11;
				GCC_NO_COMMON_BLOCKS = YES;
				GCC_WARN_64_TO_32_BIT_CONVERSION = YES;
				GCC_WARN_ABOUT_RETURN_TYPE = YES_ERROR;
				GCC_WARN_UNDECLARED_SELECTOR = YES;
				GCC_WARN_UNINITIALIZED_AUTOS = YES_AGGRESSIVE;
				GCC_WARN_UNUSED_FUNCTION = YES;
				GCC_WARN_UNUSED_VARIABLE = YES;
				IPHONEOS_DEPLOYMENT_TARGET = 14.3;
				MTL_ENABLE_DEBUG_INFO = NO;
				MTL_FAST_MATH = YES;
				SDKROOT = iphoneos;
				SWIFT_COMPILATION_MODE = wholemodule;
				SWIFT_OPTIMIZATION_LEVEL = "-O";
				VALIDATE_PRODUCT = YES;
			};
			name = Release;
		};
		D8A9834C25B7772200FF82FF /* Debug */ = {
			isa = XCBuildConfiguration;
			buildSettings = {
				ASSETCATALOG_COMPILER_APPICON_NAME = AppIcon;
				ASSETCATALOG_COMPILER_GLOBAL_ACCENT_COLOR_NAME = AccentColor;
				CODE_SIGN_STYLE = Automatic;
				DEVELOPMENT_TEAM = "";
				INFOPLIST_FILE = "Guess de Flag1/Info.plist";
				LD_RUNPATH_SEARCH_PATHS = (
					"$(inherited)",
					"@executable_path/Frameworks",
				);
				PRODUCT_BUNDLE_IDENTIFIER = "freitas.Guess-de-Flag1";
				PRODUCT_NAME = "$(TARGET_NAME)";
				SWIFT_VERSION = 5.0;
				TARGETED_DEVICE_FAMILY = "1,2";
			};
			name = Debug;
		};
		D8A9834D25B7772200FF82FF /* Release */ = {
			isa = XCBuildConfiguration;
			buildSettings = {
				ASSETCATALOG_COMPILER_APPICON_NAME = AppIcon;
				ASSETCATALOG_COMPILER_GLOBAL_ACCENT_COLOR_NAME = AccentColor;
				CODE_SIGN_STYLE = Automatic;
				DEVELOPMENT_TEAM = "";
				INFOPLIST_FILE = "Guess de Flag1/Info.plist";
				LD_RUNPATH_SEARCH_PATHS = (
					"$(inherited)",
					"@executable_path/Frameworks",
				);
				PRODUCT_BUNDLE_IDENTIFIER = "freitas.Guess-de-Flag1";
				PRODUCT_NAME = "$(TARGET_NAME)";
				SWIFT_VERSION = 5.0;
				TARGETED_DEVICE_FAMILY = "1,2";
			};
			name = Release;
		};
/* End XCBuildConfiguration section */

/* Begin XCConfigurationList section */
		D8A9833225B7772000FF82FF /* Build configuration list for PBXProject "Guess de Flag1xcodeproj" */ = {
			isa = XCConfigurationList;
			buildConfigurations = (
				D8A9834925B7772200FF82FF /* Debug */,
				D8A9834A25B7772200FF82FF /* Release */,
			);
			defaultConfigurationIsVisible = 0;
			defaultConfigurationName = Release;
		};
		D8A9834B25B7772200FF82FF /* Build configuration list for PBXNativeTarget "Guess de Flag1" */ = {
			isa = XCConfigurationList;
			buildConfigurations = (
				D8A9834C25B7772200FF82FF /* Debug */,
				D8A9834D25B7772200FF82FF /* Release */,
			);
			defaultConfigurationIsVisible = 0;
			defaultConfigurationName = Release;
		};
/* End XCConfigurationList section */
	};
	rootObject = D8A9832F25B7772000FF82FF /* Project object */;
}
